
Microsoft Visual Studio Solution File, Format Version 12.00
# Visual Studio Version 17
VisualStudioVersion = 17.10.34916.146
MinimumVisualStudioVersion = 10.0.40219.1
Project("{8BC9CEB8-8B4A-11D0-8D11-00A0C91BC942}") = "Project2", "Project2.vcxproj", "{5D1FA27D-D5D3-420B-B815-3816EC9543A9}"
EndProject
Global
	GlobalSection(SolutionConfigurationPlatforms) = preSolution
		Debug|x64 = Debug|x64
		Debug|x86 = Debug|x86
		Release|x64 = Release|x64
		Release|x86 = Release|x86
	EndGlobalSection
	GlobalSection(ProjectConfigurationPlatforms) = postSolution
		{5D1FA27D-D5D3-420B-B815-3816EC9543A9}.Debug|x64.ActiveCfg = Debug|x64
		{5D1FA27D-D5D3-420B-B815-3816EC9543A9}.Debug|x64.Build.0 = Debug|x64
		{5D1FA27D-D5D3-420B-B815-3816EC9543A9}.Debug|x86.ActiveCfg = Debug|Win32
		{5D1FA27D-D5D3-420B-B815-3816EC9543A9}.Debug|x86.Build.0 = Debug|Win32
		{5D1FA27D-D5D3-420B-B815-3816EC9543A9}.Release|x64.ActiveCfg = Release|x64
		{5D1FA27D-D5D3-420B-B815-3816EC9543A9}.Release|x64.Build.0 = Release|x64
		{5D1FA27D-D5D3-420B-B815-3816EC9543A9}.Release|x86.ActiveCfg = Release|Win32
		{5D1FA27D-D5D3-420B-B815-3816EC9543A9}.Release|x86.Build.0 = Release|Win32
	EndGlobalSection
	GlobalSection(SolutionProperties) = preSolution
		HideSolutionNode = FALSE
	EndGlobalSection
	GlobalSection(ExtensibilityGlobals) = postSolution
		SolutionGuid = {E7B07F7F-52C7-4420-9E6E-BA29E01DEC87}
	EndGlobalSection
EndGlobal
